# THIS IS AN AUTOGENERATED FILE. DO NOT EDIT THIS FILE DIRECTLY.
# yarn lockfile v1


mongoose@1.1.17:
  version "1.1.17"
  resolved "https://registry.nlark.com/mongoose/download/mongoose-1.1.17.tgz?cache=0&sync_timestamp=1630026937804&other_urls=https%3A%2F%2Fregistry.nlark.com%2Fmongoose%2Fdownload%2Fmongoose-1.1.17.tgz#3e4350579b0bb7cb0fa4291e7d1bbd4cb3ec5747"
  integrity sha1-PkNQV5sLt8sPpCkefRu9TLPsV0c=
